Microsoft Visual Studio Solution File, Format Version 12.00
# Visual Studio Version 17
VisualStudioVersion = 17.5.2.0
MinimumVisualStudioVersion = 10.0.40219.1
Project("{FAE04EC0-301F-11D3-BF4B-00C04F79EFBC}") = "docusign-onboarding-backend", "docusign-onboarding-backend.csproj", "{F5DF979F-01F3-49B5-3B6C-9FA3F04E18F6}"
EndProject
Global
	GlobalSection(SolutionConfigurationPlatforms) = preSolution
		Debug|Any CPU = Debug|Any CPU
		Release|Any CPU = Release|Any CPU
	EndGlobalSection
	GlobalSection(ProjectConfigurationPlatforms) = postSolution
		{F5DF979F-01F3-49B5-3B6C-9FA3F04E18F6}.Debug|Any CPU.ActiveCfg = Debug|Any CPU
		{F5DF979F-01F3-49B5-3B6C-9FA3F04E18F6}.Debug|Any CPU.Build.0 = Debug|Any CPU
		{F5DF979F-01F3-49B5-3B6C-9FA3F04E18F6}.Release|Any CPU.ActiveCfg = Release|Any CPU
		{F5DF979F-01F3-49B5-3B6C-9FA3F04E18F6}.Release|Any CPU.Build.0 = Release|Any CPU
	EndGlobalSection
	GlobalSection(SolutionProperties) = preSolution
		HideSolutionNode = FALSE
	EndGlobalSection
	GlobalSection(ExtensibilityGlobals) = postSolution
		SolutionGuid = {66BE6403-4DC0-4F2F-917C-53126D8DD6CC}
	EndGlobalSection
EndGlobal
